
Microsoft Visual Studio Solution File, Format Version 12.00
# Visual Studio 15
Project("{FAE04EC0-301F-11D3-BF4B-00C04F79EFBC}") = "RecipeApp", "RecipeApp.csproj", "{503D0CBB-985D-4032-A5CC-1364ED7C144A}"
EndProject
Global
	GlobalSection(SolutionConfigurationPlatforms) = preSolution
		Debug|Any CPU = Debug|Any CPU
		Release|Any CPU = Release|Any CPU
	EndGlobalSection
	GlobalSection(ProjectConfigurationPlatforms) = postSolution
		{503D0CBB-985D-4032-A5CC-1364ED7C144A}.Debug|Any CPU.ActiveCfg = Debug|Any CPU
		{503D0CBB-985D-4032-A5CC-1364ED7C144A}.Debug|Any CPU.Build.0 = Debug|Any CPU
		{503D0CBB-985D-4032-A5CC-1364ED7C144A}.Release|Any CPU.ActiveCfg = Release|Any CPU
		{503D0CBB-985D-4032-A5CC-1364ED7C144A}.Release|Any CPU.Build.0 = Release|Any CPU
	EndGlobalSection
EndGlobal
