
Microsoft Visual Studio Solution File, Format Version 12.00
# Visual Studio 15
Project("{FAE04EC0-301F-11D3-BF4B-00C04F79EFBC}") = "RecipeApp.Android", "RecipeApp.Android\RecipeApp.Android.csproj", "{13110432-0AF5-4E2D-BB8E-D5541A48F112}"
EndProject
Project("{FAE04EC0-301F-11D3-BF4B-00C04F79EFBC}") = "RecipeApp.iOS", "RecipeApp.iOS\RecipeApp.iOS.csproj", "{9483DCC9-321E-45CE-99F4-1E2C17C03A2D}"
EndProject
Project("{FAE04EC0-301F-11D3-BF4B-00C04F79EFBC}") = "RecipeApp", "RecipeApp\RecipeApp.csproj", "{AFC520A8-7CB3-4C8B-AD56-745D0447816A}"
EndProject
Global
	GlobalSection(SolutionConfigurationPlatforms) = preSolution
		Debug|Any CPU = Debug|Any CPU
		Release|Any CPU = Release|Any CPU
		Debug|iPhoneSimulator = Debug|iPhoneSimulator
		Release|iPhoneSimulator = Release|iPhoneSimulator
		Debug|iPhone = Debug|iPhone
		Release|iPhone = Release|iPhone
	EndGlobalSection
	GlobalSection(ProjectConfigurationPlatforms) = postSolution
		{13110432-0AF5-4E2D-BB8E-D5541A48F112}.Debug|Any CPU.ActiveCfg = Debug|Any CPU
		{13110432-0AF5-4E2D-BB8E-D5541A48F112}.Debug|Any CPU.Build.0 = Debug|Any CPU
		{13110432-0AF5-4E2D-BB8E-D5541A48F112}.Release|Any CPU.ActiveCfg = Release|Any CPU
		{13110432-0AF5-4E2D-BB8E-D5541A48F112}.Release|Any CPU.Build.0 = Release|Any CPU
		{13110432-0AF5-4E2D-BB8E-D5541A48F112}.Debug|iPhoneSimulator.ActiveCfg = Debug|Any CPU
		{13110432-0AF5-4E2D-BB8E-D5541A48F112}.Debug|iPhoneSimulator.Build.0 = Debug|Any CPU
		{13110432-0AF5-4E2D-BB8E-D5541A48F112}.Release|iPhoneSimulator.ActiveCfg = Release|Any CPU
		{13110432-0AF5-4E2D-BB8E-D5541A48F112}.Release|iPhoneSimulator.Build.0 = Release|Any CPU
		{13110432-0AF5-4E2D-BB8E-D5541A48F112}.Debug|iPhone.ActiveCfg = Debug|Any CPU
		{13110432-0AF5-4E2D-BB8E-D5541A48F112}.Debug|iPhone.Build.0 = Debug|Any CPU
		{13110432-0AF5-4E2D-BB8E-D5541A48F112}.Release|iPhone.ActiveCfg = Release|Any CPU
		{13110432-0AF5-4E2D-BB8E-D5541A48F112}.Release|iPhone.Build.0 = Release|Any CPU
		{9483DCC9-321E-45CE-99F4-1E2C17C03A2D}.Debug|Any CPU.ActiveCfg = Debug|iPhoneSimulator
		{9483DCC9-321E-45CE-99F4-1E2C17C03A2D}.Debug|Any CPU.Build.0 = Debug|iPhoneSimulator
		{9483DCC9-321E-45CE-99F4-1E2C17C03A2D}.Release|Any CPU.ActiveCfg = Release|iPhoneSimulator
		{9483DCC9-321E-45CE-99F4-1E2C17C03A2D}.Release|Any CPU.Build.0 = Release|iPhoneSimulator
		{9483DCC9-321E-45CE-99F4-1E2C17C03A2D}.Debug|iPhoneSimulator.ActiveCfg = Debug|iPhoneSimulator
		{9483DCC9-321E-45CE-99F4-1E2C17C03A2D}.Debug|iPhoneSimulator.Build.0 = Debug|iPhoneSimulator
		{9483DCC9-321E-45CE-99F4-1E2C17C03A2D}.Release|iPhoneSimulator.ActiveCfg = Release|iPhoneSimulator
		{9483DCC9-321E-45CE-99F4-1E2C17C03A2D}.Release|iPhoneSimulator.Build.0 = Release|iPhoneSimulator
		{9483DCC9-321E-45CE-99F4-1E2C17C03A2D}.Debug|iPhone.ActiveCfg = Debug|iPhone
		{9483DCC9-321E-45CE-99F4-1E2C17C03A2D}.Debug|iPhone.Build.0 = Debug|iPhone
		{9483DCC9-321E-45CE-99F4-1E2C17C03A2D}.Release|iPhone.ActiveCfg = Release|iPhone
		{9483DCC9-321E-45CE-99F4-1E2C17C03A2D}.Release|iPhone.Build.0 = Release|iPhone
		{AFC520A8-7CB3-4C8B-AD56-745D0447816A}.Debug|Any CPU.ActiveCfg = Debug|Any CPU
		{AFC520A8-7CB3-4C8B-AD56-745D0447816A}.Debug|Any CPU.Build.0 = Debug|Any CPU
		{AFC520A8-7CB3-4C8B-AD56-745D0447816A}.Release|Any CPU.ActiveCfg = Release|Any CPU
		{AFC520A8-7CB3-4C8B-AD56-745D0447816A}.Release|Any CPU.Build.0 = Release|Any CPU
		{AFC520A8-7CB3-4C8B-AD56-745D0447816A}.Debug|iPhoneSimulator.ActiveCfg = Debug|Any CPU
		{AFC520A8-7CB3-4C8B-AD56-745D0447816A}.Debug|iPhoneSimulator.Build.0 = Debug|Any CPU
		{AFC520A8-7CB3-4C8B-AD56-745D0447816A}.Release|iPhoneSimulator.ActiveCfg = Release|Any CPU
		{AFC520A8-7CB3-4C8B-AD56-745D0447816A}.Release|iPhoneSimulator.Build.0 = Release|Any CPU
		{AFC520A8-7CB3-4C8B-AD56-745D0447816A}.Debug|iPhone.ActiveCfg = Debug|Any CPU
		{AFC520A8-7CB3-4C8B-AD56-745D0447816A}.Debug|iPhone.Build.0 = Debug|Any CPU
		{AFC520A8-7CB3-4C8B-AD56-745D0447816A}.Release|iPhone.ActiveCfg = Release|Any CPU
		{AFC520A8-7CB3-4C8B-AD56-745D0447816A}.Release|iPhone.Build.0 = Release|Any CPU
	EndGlobalSection
EndGlobal
